<?xml version="1.0" encoding="utf-8"?>
<Project ToolsVersion="4.0" xmlns="http://schemas.microsoft.com/developer/msbuild/2003">
  <ItemGroup>
    <FxCompile Include="Source\Shaders\BlurPs.hlsl">
      <Filter>Shaders</Filter>
    </FxCompile>
    <FxCompile Include="Source\Shaders\FullscreenQuadVs.hlsl">
      <Filter>Shaders</Filter>
    </FxCompile>
    <FxCompile Include="Source\Shaders\FullscreenQuadPs.hlsl">
      <Filter>Shaders</Filter>
    </FxCompile>
    <FxCompile Include="Source\Shaders\GeometricPrimitiveVs.hlsl">
      <Filter>Shaders</Filter>
    </FxCompile>
    <FxCompile Include="Source\Shaders\GeometricPrimitivePs.hlsl">
      <Filter>Shaders</Filter>
    </FxCompile>
    <FxCompile Include="Source\Shaders\StaticMeshVs.hlsl">
      <Filter>Shaders</Filter>
    </FxCompile>
    <FxCompile Include="Source\Shaders\StaticMeshPs.hlsl">
      <Filter>Shaders</Filter>
    </FxCompile>
    <FxCompile Include="Source\Shaders\SpriteVs.hlsl">
      <Filter>Shaders</Filter>
    </FxCompile>
    <FxCompile Include="Source\Shaders\SpritePs.hlsl">
      <Filter>Shaders</Filter>
    </FxCompile>
    <FxCompile Include="Source\Shaders\SkinnedMeshVs.hlsl">
      <Filter>Shaders</Filter>
    </FxCompile>
    <FxCompile Include="Source\Shaders\SkinnedMeshPs.hlsl">
      <Filter>Shaders</Filter>
    </FxCompile>
    <FxCompile Include="Source\Shaders\LuminanceExtractionPs.hlsl">
      <Filter>Shaders</Filter>
    </FxCompile>
  </ItemGroup>
  <ItemGroup>
    <ClCompile Include="External\imgui\imgui.cpp" />
    <ClCompile Include="External\imgui\ImGuiCtrl.cpp" />
    <ClCompile Include="External\imgui\imgui_demo.cpp" />
    <ClCompile Include="External\imgui\imgui_draw.cpp" />
    <ClCompile Include="External\imgui\imgui_impl_dx11.cpp" />
    <ClCompile Include="External\imgui\imgui_impl_win32.cpp" />
    <ClCompile Include="External\imgui\imgui_tables.cpp" />
    <ClCompile Include="External\imgui\imgui_widgets.cpp" />
    <ClCompile Include="Source\Game\Character.cpp" />
    <ClCompile Include="Source\Game\Enemy.cpp" />
    <ClCompile Include="Source\Game\GameObject.cpp" />
    <ClCompile Include="Source\Game\Piece.cpp" />
    <ClCompile Include="Source\Game\PieceManager.cpp" />
    <ClCompile Include="Source\Game\Player.cpp" />
    <ClCompile Include="Source\Game\ShogiBoard.cpp" />
    <ClCompile Include="Source\Game\Stage.cpp" />
    <ClCompile Include="Source\Graphics\DebugRenderer.cpp" />
    <ClCompile Include="Source\Graphics\FrameBuffer.cpp" />
    <ClCompile Include="Source\Graphics\FullScreenQuad.cpp" />
    <ClCompile Include="Source\Graphics\Shader.cpp" />
    <ClCompile Include="Source\Resources\GeometricPrimitive.cpp" />
    <ClCompile Include="Source\Resources\SkinnedMesh.cpp" />
    <ClCompile Include="Source\Resources\Sprite.cpp" />
    <ClCompile Include="Source\Resources\SpriteBatch.cpp" />
    <ClCompile Include="Source\Resources\StaticMesh.cpp" />
    <ClCompile Include="Source\Resources\Texture.cpp" />
    <ClCompile Include="Source\Scenes\SceneGame.cpp" />
    <ClCompile Include="Source\Scenes\SceneLoading.cpp" />
    <ClCompile Include="Source\Scenes\SceneManager.cpp" />
    <ClCompile Include="Source\Scenes\SceneTitle.cpp" />
    <ClCompile Include="Source\Audio\Audio.cpp">
      <Filter>Audio</Filter>
    </ClCompile>
    <ClCompile Include="Source\Graphics\Camera.cpp">
      <Filter>Graphics</Filter>
    </ClCompile>
    <ClCompile Include="Source\Collision\Collision.cpp">
      <Filter>Collision</Filter>
    </ClCompile>
    <ClCompile Include="Source\Input\GamePad.cpp">
      <Filter>Input</Filter>
    </ClCompile>
    <ClCompile Include="Source\Input\Input.cpp">
      <Filter>Input</Filter>
    </ClCompile>
    <ClCompile Include="Source\Input\Microphone.cpp">
      <Filter>Input</Filter>
    </ClCompile>
    <ClCompile Include="Source\Input\Mouse.cpp">
      <Filter>Input</Filter>
    </ClCompile>
    <ClCompile Include="Source\Core\Framework.cpp">
      <Filter>Core</Filter>
    </ClCompile>
    <ClCompile Include="Source\Graphics\Graphics.cpp">
      <Filter>Graphics</Filter>
    </ClCompile>
    <ClCompile Include="Source\Core\Main.cpp">
      <Filter>Core</Filter>
    </ClCompile>
    <ClCompile Include="Source\Others\Transform.cpp">
      <Filter>Others</Filter>
    </ClCompile>
    <ClCompile Include="Source\Collision\Raycast.cpp">
      <Filter>Collision</Filter>
    </ClCompile>
    <ClCompile Include="Source\Game\Judge.cpp" />
  </ItemGroup>
  <ItemGroup>
    <ClInclude Include="External\imgui\imconfig.h" />
    <ClInclude Include="External\imgui\imgui.h" />
    <ClInclude Include="External\imgui\ImGuiCtrl.h" />
    <ClInclude Include="External\imgui\imgui_impl_dx11.h" />
    <ClInclude Include="External\imgui\imgui_impl_win32.h" />
    <ClInclude Include="External\imgui\imgui_internal.h" />
    <ClInclude Include="External\imgui\imstb_rectpack.h" />
    <ClInclude Include="External\imgui\imstb_textedit.h" />
    <ClInclude Include="External\imgui\imstb_truetype.h" />
    <ClInclude Include="Source\Game\Character.h" />
    <ClInclude Include="Source\Game\Enemy.h" />
    <ClInclude Include="Source\Game\GameObject.h" />
    <ClInclude Include="Source\Game\Piece.h" />
    <ClInclude Include="Source\Game\PieceManager.h" />
    <ClInclude Include="Source\Game\Player.h" />
    <ClInclude Include="Source\Game\ShogiBoard.h" />
    <ClInclude Include="Source\Game\Stage.h" />
    <ClInclude Include="Source\Graphics\DebugRenderer.h" />
    <ClInclude Include="Source\Graphics\FrameBuffer.h" />
    <ClInclude Include="Source\Graphics\FullScreenQuad.h" />
    <ClInclude Include="Source\Graphics\Shader.h" />
    <ClInclude Include="Source\Resources\GeometricPrimitive.h" />
    <ClInclude Include="Source\Resources\SkinnedMesh.h" />
    <ClInclude Include="Source\Resources\Sprite.h" />
    <ClInclude Include="Source\Resources\SpriteBatch.h" />
    <ClInclude Include="Source\Resources\StaticMesh.h" />
    <ClInclude Include="Source\Resources\Texture.h" />
    <ClInclude Include="Source\Scenes\Scene.h" />
    <ClInclude Include="Source\Scenes\SceneGame.h" />
    <ClInclude Include="Source\Scenes\SceneLoading.h" />
    <ClInclude Include="Source\Scenes\SceneManager.h" />
    <ClInclude Include="Source\Scenes\SceneTitle.h" />
    <ClInclude Include="Source\Audio\Audio.h">
      <Filter>Audio</Filter>
    </ClInclude>
    <ClInclude Include="Source\Graphics\Camera.h">
      <Filter>Graphics</Filter>
    </ClInclude>
    <ClInclude Include="Source\Collision\Collision.h">
      <Filter>Collision</Filter>
    </ClInclude>
    <ClInclude Include="Source\Easing.h">
      <Filter>Others</Filter>
    </ClInclude>
    <ClInclude Include="Source\Core\HighResolutionTimer.h">
      <Filter>Core</Filter>
    </ClInclude>
    <ClInclude Include="Source\Input\GamePad.h">
      <Filter>Input</Filter>
    </ClInclude>
    <ClInclude Include="Source\Input\Input.h">
      <Filter>Input</Filter>
    </ClInclude>
    <ClInclude Include="Source\Input\Microphone.h">
      <Filter>Input</Filter>
    </ClInclude>
    <ClInclude Include="Source\Input\Mouse.h">
      <Filter>Input</Filter>
    </ClInclude>
    <ClInclude Include="Source\Core\Framework.h">
      <Filter>Core</Filter>
    </ClInclude>
    <ClInclude Include="Source\Graphics\Graphics.h">
      <Filter>Graphics</Filter>
    </ClInclude>
    <ClInclude Include="Source\Others\Transform.h">
      <Filter>Others</Filter>
    </ClInclude>
    <ClInclude Include="Source\Others\Misc.h">
      <Filter>Others</Filter>
    </ClInclude>
    <ClInclude Include="Source\Others\MathHelper.h">
      <Filter>Others</Filter>
    </ClInclude>
    <ClInclude Include="Source\Collision\Raycast.h">
      <Filter>Collision</Filter>
    </ClInclude>
    <ClInclude Include="Source\Game\Judge.h" />
    <ClInclude Include="Source\Others\Converter.h">
      <Filter>Others</Filter>
    </ClInclude>
  </ItemGroup>
  <ItemGroup>
    <None Include="Source\Shaders\FullscreenQuad.hlsli">
      <Filter>Shaders</Filter>
    </None>
    <None Include="Source\Shaders\GeometricPrimitive.hlsli">
      <Filter>Shaders</Filter>
    </None>
    <None Include="Source\Shaders\StaticMesh.hlsli">
      <Filter>Shaders</Filter>
    </None>
    <None Include="Source\Shaders\Sprite.hlsli">
      <Filter>Shaders</Filter>
    </None>
    <None Include="Source\Shaders\SkinnedMesh.hlsli">
      <Filter>Shaders</Filter>
    </None>
  </ItemGroup>
  <ItemGroup>
    <Filter Include="Audio">
      <UniqueIdentifier>{5cc482d2-513b-44c0-a09a-c34c8aabfb12}</UniqueIdentifier>
    </Filter>
    <Filter Include="Graphics">
      <UniqueIdentifier>{9f8b1e0d-b1fc-4754-8dbd-ea3df325b559}</UniqueIdentifier>
    </Filter>
    <Filter Include="Resources">
      <UniqueIdentifier>{46266b97-e67e-421b-a28f-d8a21ff42f0c}</UniqueIdentifier>
    </Filter>
    <Filter Include="Core">
      <UniqueIdentifier>{4aba4968-b23d-4342-b7e4-3d20ebc94a31}</UniqueIdentifier>
    </Filter>
    <Filter Include="Scenes">
      <UniqueIdentifier>{0f5fa480-3916-4173-8245-ee7c7a856b1b}</UniqueIdentifier>
    </Filter>
    <Filter Include="Shaders">
      <UniqueIdentifier>{4d33a9a1-b072-48bd-9aaf-39b324c9eef6}</UniqueIdentifier>
    </Filter>
    <Filter Include="Collision">
      <UniqueIdentifier>{9d6fb7cb-4de3-434c-9898-39b6bb4d6ed4}</UniqueIdentifier>
    </Filter>
    <Filter Include="Others">
      <UniqueIdentifier>{f25d926d-afc4-4d5b-9762-df962b69acf0}</UniqueIdentifier>
    </Filter>
    <Filter Include="Input">
      <UniqueIdentifier>{5680c0df-c59e-4303-a60c-064566ee3c8d}</UniqueIdentifier>
    </Filter>
  </ItemGroup>
</Project>